{
  "version": 4,
  "terraform_version": "1.7.5",
  "serial": 19,
  "lineage": "4f7324d4-3baa-77a4-69d1-1a3072f386a0",
  "outputs": {},
  "resources": [
    {
      "mode": "managed",
      "type": "aws_scheduler_schedule_group",
      "name": "precise-schedule-group",
      "provider": "provider[\"registry.terraform.io/hashicorp/aws\"]",
      "instances": [
        {
          "schema_version": 0,
          "attributes": {
            "arn": "arn:aws:scheduler:ap-southeast-2:050431468538:schedule-group/precise_schedule_group",
            "creation_date": "2024-03-14T12:41:33Z",
            "id": "precise_schedule_group",
            "last_modification_date": "2024-03-14T12:41:33Z",
            "name": "precise_schedule_group",
            "name_prefix": "",
            "state": "ACTIVE",
            "tags": {},
            "tags_all": {},
            "timeouts": null
          },
          "sensitive_attributes": [],
          "private": "eyJlMmJmYjczMC1lY2FhLTExZTYtOGY4OC0zNDM2M2JjN2M0YzAiOnsiY3JlYXRlIjozMDAwMDAwMDAwMDAsImRlbGV0ZSI6MzAwMDAwMDAwMDAwfX0="
        }
      ]
    },
    {
      "mode": "managed",
      "type": "aws_sqs_queue",
      "name": "target-one-dlq",
      "provider": "provider[\"registry.terraform.io/hashicorp/aws\"]",
      "instances": [
        {
          "schema_version": 0,
          "attributes": {
            "arn": "arn:aws:sqs:ap-southeast-2:050431468538:target-one-dlq",
            "content_based_deduplication": false,
            "deduplication_scope": "",
            "delay_seconds": 0,
            "fifo_queue": false,
            "fifo_throughput_limit": "",
            "id": "https://sqs.ap-southeast-2.amazonaws.com/050431468538/target-one-dlq",
            "kms_data_key_reuse_period_seconds": 300,
            "kms_master_key_id": "",
            "max_message_size": 262144,
            "message_retention_seconds": 345600,
            "name": "target-one-dlq",
            "name_prefix": "",
            "policy": "",
            "receive_wait_time_seconds": 0,
            "redrive_allow_policy": "{\"redrivePermission\":\"byQueue\",\"sourceQueueArns\":[\"arn:aws:sqs:ap-southeast-2:050431468538:target-one-dlq\"]}",
            "redrive_policy": "",
            "sqs_managed_sse_enabled": true,
            "tags": {},
            "tags_all": {},
            "url": "https://sqs.ap-southeast-2.amazonaws.com/050431468538/target-one-dlq",
            "visibility_timeout_seconds": 30
          },
          "sensitive_attributes": [],
          "private": "bnVsbA=="
        }
      ]
    },
    {
      "mode": "managed",
      "type": "aws_sqs_queue_redrive_allow_policy",
      "name": "terraform_queue_redrive_allow_policy",
      "provider": "provider[\"registry.terraform.io/hashicorp/aws\"]",
      "instances": [
        {
          "schema_version": 0,
          "attributes": {
            "id": "https://sqs.ap-southeast-2.amazonaws.com/050431468538/target-one-dlq",
            "queue_url": "https://sqs.ap-southeast-2.amazonaws.com/050431468538/target-one-dlq",
            "redrive_allow_policy": "{\"redrivePermission\":\"byQueue\",\"sourceQueueArns\":[\"arn:aws:sqs:ap-southeast-2:050431468538:target-one-dlq\"]}"
          },
          "sensitive_attributes": [],
          "private": "bnVsbA==",
          "dependencies": [
            "aws_sqs_queue.target-one",
            "aws_sqs_queue.target-one-dlq"
          ]
        }
      ]
    }
  ],
  "check_results": null
}
